
Microsoft Visual Studio Solution File, Format Version 12.00
# Visual Studio Version 17
VisualStudioVersion = 17.7.34221.43
MinimumVisualStudioVersion = 10.0.40219.1
Project("{FAE04EC0-301F-11D3-BF4B-00C04F79EFBC}") = "Task1", "C_Developer_3\Task1.csproj", "{CE706730-1F08-4EF1-B706-D65F5F39E62C}"
EndProject
Project("{2150E333-8FDC-42A3-9474-1A3956D46DE8}") = "Task1", "Task1", "{36F9140F-C720-48FC-960C-DBDF5BFBA529}"
EndProject
Project("{2150E333-8FDC-42A3-9474-1A3956D46DE8}") = "Task2", "Task2", "{110CDD96-D3D0-45ED-9DE8-F91040698669}"
EndProject
Project("{FAE04EC0-301F-11D3-BF4B-00C04F79EFBC}") = "Task2", "Task2\Task2.csproj", "{ADBE7EC0-6CD4-4D42-9AA4-1851A7F7BB8E}"
EndProject
Project("{2150E333-8FDC-42A3-9474-1A3956D46DE8}") = "Task3", "Task3", "{6F66FDEF-9043-4878-AD74-222AD66A8BBF}"
EndProject
Project("{FAE04EC0-301F-11D3-BF4B-00C04F79EFBC}") = "Task3", "Task3\Task3.csproj", "{B4DCC94A-B176-4F23-A734-17734C94F290}"
EndProject
Project("{2150E333-8FDC-42A3-9474-1A3956D46DE8}") = "Task4", "Task4", "{7742E10B-78F2-446B-8321-02E566A74EF5}"
EndProject
Project("{FAE04EC0-301F-11D3-BF4B-00C04F79EFBC}") = "Task4", "Task5\Task4.csproj", "{96A0B653-4FE1-4CD1-9926-CDE612F1CEC9}"
EndProject
Project("{2150E333-8FDC-42A3-9474-1A3956D46DE8}") = "Task5", "Task5", "{301D6DCD-487B-438C-AEBC-6BFF16FA4518}"
EndProject
Project("{FAE04EC0-301F-11D3-BF4B-00C04F79EFBC}") = "LastTask", "LastTask\LastTask.csproj", "{FAC81E9E-4320-4DA5-99E5-F3154A9B5FAA}"
EndProject
Global
	GlobalSection(SolutionConfigurationPlatforms) = preSolution
		Debug|Any CPU = Debug|Any CPU
		Release|Any CPU = Release|Any CPU
	EndGlobalSection
	GlobalSection(ProjectConfigurationPlatforms) = postSolution
		{CE706730-1F08-4EF1-B706-D65F5F39E62C}.Debug|Any CPU.ActiveCfg = Debug|Any CPU
		{CE706730-1F08-4EF1-B706-D65F5F39E62C}.Debug|Any CPU.Build.0 = Debug|Any CPU
		{CE706730-1F08-4EF1-B706-D65F5F39E62C}.Release|Any CPU.ActiveCfg = Release|Any CPU
		{CE706730-1F08-4EF1-B706-D65F5F39E62C}.Release|Any CPU.Build.0 = Release|Any CPU
		{ADBE7EC0-6CD4-4D42-9AA4-1851A7F7BB8E}.Debug|Any CPU.ActiveCfg = Debug|Any CPU
		{ADBE7EC0-6CD4-4D42-9AA4-1851A7F7BB8E}.Debug|Any CPU.Build.0 = Debug|Any CPU
		{ADBE7EC0-6CD4-4D42-9AA4-1851A7F7BB8E}.Release|Any CPU.ActiveCfg = Release|Any CPU
		{ADBE7EC0-6CD4-4D42-9AA4-1851A7F7BB8E}.Release|Any CPU.Build.0 = Release|Any CPU
		{B4DCC94A-B176-4F23-A734-17734C94F290}.Debug|Any CPU.ActiveCfg = Debug|Any CPU
		{B4DCC94A-B176-4F23-A734-17734C94F290}.Debug|Any CPU.Build.0 = Debug|Any CPU
		{B4DCC94A-B176-4F23-A734-17734C94F290}.Release|Any CPU.ActiveCfg = Release|Any CPU
		{B4DCC94A-B176-4F23-A734-17734C94F290}.Release|Any CPU.Build.0 = Release|Any CPU
		{96A0B653-4FE1-4CD1-9926-CDE612F1CEC9}.Debug|Any CPU.ActiveCfg = Debug|Any CPU
		{96A0B653-4FE1-4CD1-9926-CDE612F1CEC9}.Debug|Any CPU.Build.0 = Debug|Any CPU
		{96A0B653-4FE1-4CD1-9926-CDE612F1CEC9}.Release|Any CPU.ActiveCfg = Release|Any CPU
		{96A0B653-4FE1-4CD1-9926-CDE612F1CEC9}.Release|Any CPU.Build.0 = Release|Any CPU
		{FAC81E9E-4320-4DA5-99E5-F3154A9B5FAA}.Debug|Any CPU.ActiveCfg = Debug|Any CPU
		{FAC81E9E-4320-4DA5-99E5-F3154A9B5FAA}.Debug|Any CPU.Build.0 = Debug|Any CPU
		{FAC81E9E-4320-4DA5-99E5-F3154A9B5FAA}.Release|Any CPU.ActiveCfg = Release|Any CPU
		{FAC81E9E-4320-4DA5-99E5-F3154A9B5FAA}.Release|Any CPU.Build.0 = Release|Any CPU
	EndGlobalSection
	GlobalSection(SolutionProperties) = preSolution
		HideSolutionNode = FALSE
	EndGlobalSection
	GlobalSection(NestedProjects) = preSolution
		{CE706730-1F08-4EF1-B706-D65F5F39E62C} = {36F9140F-C720-48FC-960C-DBDF5BFBA529}
		{ADBE7EC0-6CD4-4D42-9AA4-1851A7F7BB8E} = {110CDD96-D3D0-45ED-9DE8-F91040698669}
		{B4DCC94A-B176-4F23-A734-17734C94F290} = {6F66FDEF-9043-4878-AD74-222AD66A8BBF}
		{96A0B653-4FE1-4CD1-9926-CDE612F1CEC9} = {7742E10B-78F2-446B-8321-02E566A74EF5}
		{FAC81E9E-4320-4DA5-99E5-F3154A9B5FAA} = {301D6DCD-487B-438C-AEBC-6BFF16FA4518}
	EndGlobalSection
	GlobalSection(ExtensibilityGlobals) = postSolution
		SolutionGuid = {FD7639BF-67EF-49FB-84BA-0DC1BB5878EB}
	EndGlobalSection
EndGlobal
